version = 1
revision = 3
requires-python = "==3.9.16"

[[package]]
name = "annotated-types"
version = "0.7.0"
source = { registry = "https://pypi.org/simple" }
sdist = { url = "https://files.pythonhosted.org/packages/ee/67/531ea369ba64dcff5ec9c3402f9f51bf748cec26dde048a2f973a4eea7f5/annotated_types-0.7.0.tar.gz", hash = "sha256:aff07c09a53a08bc8cfccb9c85b05f1aa9a2a6f23728d790723543408344ce89", size = 16081, upload-time = "2024-05-20T21:33:25.928Z" }
wheels = [
    { url = "https://files.pythonhosted.org/packages/78/b6/6307fbef88d9b5ee7421e68d78a9f162e0da4900bc5f5793f6d3d0e34fb8/annotated_types-0.7.0-py3-none-any.whl", hash = "sha256:1f02e8b43a8fbbc3f3e0d4f0f4bfc8131bcb4eebe8849b8e5c773f3a1c582a53", size = 13643, upload-time = "2024-05-20T21:33:24.1Z" },
]

[[package]]
name = "chexfound"
version = "0.1.0"
source = { virtual = "." }
dependencies = [
    { name = "lancedb" },
    { name = "numpy" },
]

[package.metadata]
requires-dist = [
    { name = "lancedb", specifier = ">=0.27.1" },
    { name = "numpy", specifier = "<2" },
]

[[package]]
name = "colorama"
version = "0.4.6"
source = { registry = "https://pypi.org/simple" }
sdist = { url = "https://files.pythonhosted.org/packages/d8/53/6f443c9a4a8358a93a6792e2acffb9d9d5cb0a5cfd8802644b7b1c9a02e4/colorama-0.4.6.tar.gz", hash = "sha256:08695f5cb7ed6e0531a20572697297273c47b8cae5a63ffc6d6ed5c201be6e44", size = 27697, upload-time = "2022-10-25T02:36:22.414Z" }
wheels = [
    { url = "https://files.pythonhosted.org/packages/d1/d6/3965ed04c63042e047cb6a3e6ed1a63a35087b6a609aa3a15ed8ac56c221/colorama-0.4.6-py2.py3-none-any.whl", hash = "sha256:4f1d9991f5acc0ca119f9d443620b77f9d6b33703e51011c16baf57afb285fc6", size = 25335, upload-time = "2022-10-25T02:36:20.889Z" },
]

[[package]]
name = "deprecation"
version = "2.1.0"
source = { registry = "https://pypi.org/simple" }
dependencies = [
    { name = "packaging" },
]
sdist = { url = "https://files.pythonhosted.org/packages/5a/d3/8ae2869247df154b64c1884d7346d412fed0c49df84db635aab2d1c40e62/deprecation-2.1.0.tar.gz", hash = "sha256:72b3bde64e5d778694b0cf68178aed03d15e15477116add3fb773e581f9518ff", size = 173788, upload-time = "2020-04-20T14:23:38.738Z" }
wheels = [
    { url = "https://files.pythonhosted.org/packages/02/c3/253a89ee03fc9b9682f1541728eb66db7db22148cd94f89ab22528cd1e1b/deprecation-2.1.0-py2.py3-none-any.whl", hash = "sha256:a10811591210e1fb0e768a8c25517cabeabcba6f0bf96564f8ff45189f90b14a", size = 11178, upload-time = "2020-04-20T14:23:36.581Z" },
]

[[package]]
name = "lance-namespace"
version = "0.9.0"
source = { registry = "https://pypi.org/simple" }
dependencies = [
    { name = "lance-namespace-urllib3-client" },
]
sdist = { url = "https://files.pythonhosted.org/packages/00/81/4cf8d0412e1f37b2bfa70d0aeb9c7ae4ab73607534e44d60b55efb485306/lance_namespace-0.9.0.tar.gz", hash = "sha256:f738b641cc615b17323baa4eb47900f184688739ee3d2ea9fe39396b9588e53d", size = 11637, upload-time = "2026-07-01T07:42:41.78Z" }
wheels = [
    { url = "https://files.pythonhosted.org/packages/e1/fe/f38747c9610ade83dd9a99a0470b9432b6f21ce4e2bb5524edbe66f626fd/lance_namespace-0.9.0-py3-none-any.whl", hash = "sha256:f785ff10927e4ce0db69986576670fedd37f8a33521e8a4630c6be22db8061b2", size = 13501, upload-time = "2026-07-01T07:42:39.372Z" },
]

[[package]]
name = "lance-namespace-urllib3-client"
version = "0.9.0"
source = { registry = "https://pypi.org/simple" }
dependencies = [
    { name = "pydantic" },
    { name = "python-dateutil" },
    { name = "typing-extensions" },
    { name = "urllib3" },
]
sdist = { url = "https://files.pythonhosted.org/packages/d3/c3/32d0e2618549ace857c80a457e5915ef3e1145661baff876c8a5ec27be5b/lance_namespace_urllib3_client-0.9.0.tar.gz", hash = "sha256:cf796fa5307fa4dde91fe4bec2af28b90ba79191852d4394e8fe44276538e40f", size = 235805, upload-time = "2026-07-01T07:42:42.563Z" }
wheels = [
    { url = "https://files.pythonhosted.org/packages/cc/ab/c8754da0a1efc817f8480100cfe12b7e04034df834759de8ecf02beff3cc/lance_namespace_urllib3_client-0.9.0-py3-none-any.whl", hash = "sha256:be819c8cffb1e460a3a504dbf52d1ca009560a48e7202b8c4279998e4adf9fe4", size = 405586, upload-time = "2026-07-01T07:42:40.503Z" },
]

[[package]]
name = "lancedb"
version = "0.27.1"
source = { registry = "https://pypi.org/simple" }
dependencies = [
    { name = "deprecation" },
    { name = "lance-namespace" },
    { name = "numpy" },
    { name = "overrides" },
    { name = "packaging" },
    { name = "pyarrow" },
    { name = "pydantic" },
    { name = "tqdm" },
]
wheels = [
    { url = "https://files.pythonhosted.org/packages/fb/35/135ee7e3de58389074ad49b389adb8f431dc3f0034afbed1a9122c223c68/lancedb-0.27.1-cp39-abi3-macosx_11_0_arm64.whl", hash = "sha256:8aea87c3002850e98e4ac095c165dd819edd69f7c50e418f13f5917d1b9e0dcb", size = 43540316, upload-time = "2026-01-26T23:56:19.228Z" },
    { url = "https://files.pythonhosted.org/packages/16/cf/ea458fa50ef29c1a0653e1af6ea0599e532180267f49ca0bcf0049b0d8e3/lancedb-0.27.1-cp39-abi3-manylinux_2_17_aarch64.manylinux2014_aarch64.whl", hash = "sha256:382666cddfb8b87d1efef4797bbc92cb1c3263b9b40894e5194ed5ed4e4486d4", size = 45409178, upload-time = "2026-01-27T03:25:09.932Z" },
    { url = "https://files.pythonhosted.org/packages/ee/cd/30714b878ec876eda3ce88637d6ef8da44484a065ec050dcfba3ad888465/lancedb-0.27.1-cp39-abi3-manylinux_2_17_x86_64.manylinux2014_x86_64.whl", hash = "sha256:7835e84d92631ddc7e269c8a18691ec16f24fe32f0fd14138d76951f530c28b9", size = 48484253, upload-time = "2026-01-27T03:28:16.048Z" },
    { url = "https://files.pythonhosted.org/packages/69/c2/19c1b8b7b36a0445e31fa532619bb75c4e76a91fff0514439dea2c4194d6/lancedb-0.27.1-cp39-abi3-manylinux_2_28_aarch64.whl", hash = "sha256:5996f7e36ae4cf580693fae33f560a21f29640b1ae0e923dcd8efea65ee8a78e", size = 45427415, upload-time = "2026-01-27T03:23:26.822Z" },
    { url = "https://files.pythonhosted.org/packages/eb/f1/794e9bc8d2adc9130c55695979afb66b0121c9d2abacdd19ce112e201879/lancedb-0.27.1-cp39-abi3-manylinux_2_28_x86_64.whl", hash = "sha256:37e80565729555f6fc390a623da4f26392c463ba35e7634b2e706c1f9ac77e47", size = 48531937, upload-time = "2026-01-27T03:27:57.455Z" },
    { url = "https://files.pythonhosted.org/packages/3d/96/fa3cb37a6ffe7b81073d8c74f7cb95204d0922ac1668b264685aa34add20/lancedb-0.27.1-cp39-abi3-win_amd64.whl", hash = "sha256:f2150a66758ce6fe3cff226ac1ffcac2d5f5e2c9b35bc4c2d5923abcebef98cc", size = 53374010, upload-time = "2026-01-27T03:57:13.434Z" },
]

[[package]]
name = "numpy"
version = "1.26.4"
source = { registry = "https://pypi.org/simple" }
sdist = { url = "https://files.pythonhosted.org/packages/65/6e/09db70a523a96d25e115e71cc56a6f9031e7b8cd166c1ac8438307c14058/numpy-1.26.4.tar.gz", hash = "sha256:2a02aba9ed12e4ac4eb3ea9421c420301a0c6460d9830d74a9df87efa4912010", size = 15786129, upload-time = "2024-02-06T00:26:44.495Z" }
wheels = [
    { url = "https://files.pythonhosted.org/packages/7d/24/ce71dc08f06534269f66e73c04f5709ee024a1afe92a7b6e1d73f158e1f8/numpy-1.26.4-cp39-cp39-macosx_10_9_x86_64.whl", hash = "sha256:7349ab0fa0c429c82442a27a9673fc802ffdb7c7775fad780226cb234965e53c", size = 20636301, upload-time = "2024-02-05T23:59:10.976Z" },
    { url = "https://files.pythonhosted.org/packages/ae/8c/ab03a7c25741f9ebc92684a20125fbc9fc1b8e1e700beb9197d750fdff88/numpy-1.26.4-cp39-cp39-macosx_11_0_arm64.whl", hash = "sha256:52b8b60467cd7dd1e9ed082188b4e6bb35aa5cdd01777621a1658910745b90be", size = 13971216, upload-time = "2024-02-05T23:59:35.472Z" },
    { url = "https://files.pythonhosted.org/packages/6d/64/c3bcdf822269421d85fe0d64ba972003f9bb4aa9a419da64b86856c9961f/numpy-1.26.4-cp39-cp39-manylinux_2_17_aarch64.manylinux2014_aarch64.whl", hash = "sha256:d5241e0a80d808d70546c697135da2c613f30e28251ff8307eb72ba696945764", size = 14226281, upload-time = "2024-02-05T23:59:59.372Z" },
    { url = "https://files.pythonhosted.org/packages/54/30/c2a907b9443cf42b90c17ad10c1e8fa801975f01cb9764f3f8eb8aea638b/numpy-1.26.4-cp39-cp39-manylinux_2_17_x86_64.manylinux2014_x86_64.whl", hash = "sha256:f870204a840a60da0b12273ef34f7051e98c3b5961b61b0c2c1be6dfd64fbcd3", size = 18249516, upload-time = "2024-02-06T00:00:32.79Z" },
    { url = "https://files.pythonhosted.org/packages/43/12/01a563fc44c07095996d0129b8899daf89e4742146f7044cdbdb3101c57f/numpy-1.26.4-cp39-cp39-musllinux_1_1_aarch64.whl", hash = "sha256:679b0076f67ecc0138fd2ede3a8fd196dddc2ad3254069bcb9faf9a79b1cebcd", size = 13882132, upload-time = "2024-02-06T00:00:58.197Z" },
    { url = "https://files.pythonhosted.org/packages/16/ee/9df80b06680aaa23fc6c31211387e0db349e0e36d6a63ba3bd78c5acdf11/numpy-1.26.4-cp39-cp39-musllinux_1_1_x86_64.whl", hash = "sha256:47711010ad8555514b434df65f7d7b076bb8261df1ca9bb78f53d3b2db02e95c", size = 18084181, upload-time = "2024-02-06T00:01:31.21Z" },
    { url = "https://files.pythonhosted.org/packages/28/7d/4b92e2fe20b214ffca36107f1a3e75ef4c488430e64de2d9af5db3a4637d/numpy-1.26.4-cp39-cp39-win32.whl", hash = "sha256:a354325ee03388678242a4d7ebcd08b5c727033fcff3b2f536aea978e15ee9e6", size = 5976360, upload-time = "2024-02-06T00:01:43.013Z" },
    { url = "https://files.pythonhosted.org/packages/b5/42/054082bd8220bbf6f297f982f0a8f5479fcbc55c8b511d928df07b965869/numpy-1.26.4-cp39-cp39-win_amd64.whl", hash = "sha256:3373d5d70a5fe74a2c1bb6d2cfd9609ecf686d47a2d7b1d37a8f3b6bf6003aea", size = 15814633, upload-time = "2024-02-06T00:02:16.694Z" },
    { url = "https://files.pythonhosted.org/packages/3f/72/3df6c1c06fc83d9cfe381cccb4be2532bbd38bf93fbc9fad087b6687f1c0/numpy-1.26.4-pp39-pypy39_pp73-macosx_10_9_x86_64.whl", hash = "sha256:afedb719a9dcfc7eaf2287b839d8198e06dcd4cb5d276a3df279231138e83d30", size = 20455961, upload-time = "2024-02-06T00:03:05.993Z" },
    { url = "https://files.pythonhosted.org/packages/8e/02/570545bac308b58ffb21adda0f4e220ba716fb658a63c151daecc3293350/numpy-1.26.4-pp39-pypy39_pp73-manylinux_2_17_x86_64.manylinux2014_x86_64.whl", hash = "sha256:95a7476c59002f2f6c590b9b7b998306fba6a5aa646b1e22ddfeaf8f78c3a29c", size = 18061071, upload-time = "2024-02-06T00:03:41.5Z" },
    { url = "https://files.pythonhosted.org/packages/f4/5f/fafd8c51235f60d49f7a88e2275e13971e90555b67da52dd6416caec32fe/numpy-1.26.4-pp39-pypy39_pp73-win_amd64.whl", hash = "sha256:7e50d0a0cc3189f9cb0aeb3a6a6af18c16f59f004b866cd2be1c14b36134a4a0", size = 15709730, upload-time = "2024-02-06T00:04:11.719Z" },
]

[[package]]
name = "overrides"
version = "7.7.0"
source = { registry = "https://pypi.org/simple" }
sdist = { url = "https://files.pythonhosted.org/packages/36/86/b585f53236dec60aba864e050778b25045f857e17f6e5ea0ae95fe80edd2/overrides-7.7.0.tar.gz", hash = "sha256:55158fa3d93b98cc75299b1e67078ad9003ca27945c76162c1c0766d6f91820a", size = 22812, upload-time = "2024-01-27T21:01:33.423Z" }
wheels = [
    { url = "https://files.pythonhosted.org/packages/2c/ab/fc8290c6a4c722e5514d80f62b2dc4c4df1a68a41d1364e625c35990fcf3/overrides-7.7.0-py3-none-any.whl", hash = "sha256:c7ed9d062f78b8e4c1a7b70bd8796b35ead4d9f510227ef9c5dc7626c60d7e49", size = 17832, upload-time = "2024-01-27T21:01:31.393Z" },
]

[[package]]
name = "packaging"
version = "26.2"
source = { registry = "https://pypi.org/simple" }
sdist = { url = "https://files.pythonhosted.org/packages/d7/f1/e7a6dd94a8d4a5626c03e4e99c87f241ba9e350cd9e6d75123f992427270/packaging-26.2.tar.gz", hash = "sha256:ff452ff5a3e828ce110190feff1178bb1f2ea2281fa2075aadb987c2fb221661", size = 228134, upload-time = "2026-04-24T20:15:23.917Z" }
wheels = [
    { url = "https://files.pythonhosted.org/packages/df/b2/87e62e8c3e2f4b32e5fe99e0b86d576da1312593b39f47d8ceef365e95ed/packaging-26.2-py3-none-any.whl", hash = "sha256:5fc45236b9446107ff2415ce77c807cee2862cb6fac22b8a73826d0693b0980e", size = 100195, upload-time = "2026-04-24T20:15:22.081Z" },
]

[[package]]
name = "pyarrow"
version = "21.0.0"
source = { registry = "https://pypi.org/simple" }
sdist = { url = "https://files.pythonhosted.org/packages/ef/c2/ea068b8f00905c06329a3dfcd40d0fcc2b7d0f2e355bdb25b65e0a0e4cd4/pyarrow-21.0.0.tar.gz", hash = "sha256:5051f2dccf0e283ff56335760cbc8622cf52264d67e359d5569541ac11b6d5bc", size = 1133487, upload-time = "2025-07-18T00:57:31.761Z" }
wheels = [
    { url = "https://files.pythonhosted.org/packages/3e/cc/ce4939f4b316457a083dc5718b3982801e8c33f921b3c98e7a93b7c7491f/pyarrow-21.0.0-cp39-cp39-macosx_12_0_arm64.whl", hash = "sha256:a7f6524e3747e35f80744537c78e7302cd41deee8baa668d56d55f77d9c464b3", size = 31211248, upload-time = "2025-07-18T00:56:59.7Z" },
    { url = "https://files.pythonhosted.org/packages/1f/c2/7a860931420d73985e2f340f06516b21740c15b28d24a0e99a900bb27d2b/pyarrow-21.0.0-cp39-cp39-macosx_12_0_x86_64.whl", hash = "sha256:203003786c9fd253ebcafa44b03c06983c9c8d06c3145e37f1b76a1f317aeae1", size = 32676896, upload-time = "2025-07-18T00:57:03.884Z" },
    { url = "https://files.pythonhosted.org/packages/68/a8/197f989b9a75e59b4ca0db6a13c56f19a0ad8a298c68da9cc28145e0bb97/pyarrow-21.0.0-cp39-cp39-manylinux_2_28_aarch64.whl", hash = "sha256:3b4d97e297741796fead24867a8dabf86c87e4584ccc03167e4a811f50fdf74d", size = 41067862, upload-time = "2025-07-18T00:57:07.587Z" },
    { url = "https://files.pythonhosted.org/packages/fa/82/6ecfa89487b35aa21accb014b64e0a6b814cc860d5e3170287bf5135c7d8/pyarrow-21.0.0-cp39-cp39-manylinux_2_28_x86_64.whl", hash = "sha256:898afce396b80fdda05e3086b4256f8677c671f7b1d27a6976fa011d3fd0a86e", size = 42747508, upload-time = "2025-07-18T00:57:13.917Z" },
    { url = "https://files.pythonhosted.org/packages/3b/b7/ba252f399bbf3addc731e8643c05532cf32e74cebb5e32f8f7409bc243cf/pyarrow-21.0.0-cp39-cp39-musllinux_1_2_aarch64.whl", hash = "sha256:067c66ca29aaedae08218569a114e413b26e742171f526e828e1064fcdec13f4", size = 43345293, upload-time = "2025-07-18T00:57:19.828Z" },
    { url = "https://files.pythonhosted.org/packages/ff/0a/a20819795bd702b9486f536a8eeb70a6aa64046fce32071c19ec8230dbaa/pyarrow-21.0.0-cp39-cp39-musllinux_1_2_x86_64.whl", hash = "sha256:0c4e75d13eb76295a49e0ea056eb18dbd87d81450bfeb8afa19a7e5a75ae2ad7", size = 45060670, upload-time = "2025-07-18T00:57:24.477Z" },
    { url = "https://files.pythonhosted.org/packages/10/15/6b30e77872012bbfe8265d42a01d5b3c17ef0ac0f2fae531ad91b6a6c02e/pyarrow-21.0.0-cp39-cp39-win_amd64.whl", hash = "sha256:cdc4c17afda4dab2a9c0b79148a43a7f4e1094916b3e18d8975bfd6d6d52241f", size = 26227521, upload-time = "2025-07-18T00:57:29.119Z" },
]

[[package]]
name = "pydantic"
version = "2.13.4"
source = { registry = "https://pypi.org/simple" }
dependencies = [
    { name = "annotated-types" },
    { name = "pydantic-core" },
    { name = "typing-extensions" },
    { name = "typing-inspection" },
]
sdist = { url = "https://files.pythonhosted.org/packages/18/a5/b60d21ac674192f8ab0ba4e9fd860690f9b4a6e51ca5df118733b487d8d6/pydantic-2.13.4.tar.gz", hash = "sha256:c40756b57adaa8b1efeeced5c196f3f3b7c435f90e84ea7f443901bec8099ef6", size = 844775, upload-time = "2026-05-06T13:43:05.343Z" }
wheels = [
    { url = "https://files.pythonhosted.org/packages/fd/7b/122376b1fd3c62c1ed9dc80c931ace4844b3c55407b6fb2d199377c9736f/pydantic-2.13.4-py3-none-any.whl", hash = "sha256:45a282cde31d808236fd7ea9d919b128653c8b38b393d1c4ab335c62924d9aba", size = 472262, upload-time = "2026-05-06T13:43:02.641Z" },
]

[[package]]
name = "pydantic-core"
version = "2.46.4"
source = { registry = "https://pypi.org/simple" }
dependencies = [
    { name = "typing-extensions" },
]
sdist = { url = "https://files.pythonhosted.org/packages/9d/56/921726b776ace8d8f5db44c4ef961006580d91dc52b803c489fafd1aa249/pydantic_core-2.46.4.tar.gz", hash = "sha256:62f875393d7f270851f20523dd2e29f082bcc82292d66db2b64ea71f64b6e1c1", size = 471464, upload-time = "2026-05-06T13:37:06.98Z" }
wheels = [
    { url = "https://files.pythonhosted.org/packages/5d/00/13a0c039569d1e583779ee1b8d7df6bfe275a0db83fcae14f01d6856c16e/pydantic_core-2.46.4-cp39-cp39-macosx_10_12_x86_64.whl", hash = "sha256:fd8b3d9fd264be37976686c7f65cd52a83f5e84f4bfd2adf9c1d469676bbb6ae", size = 2115337, upload-time = "2026-05-06T13:38:37.741Z" },
    { url = "https://files.pythonhosted.org/packages/41/60/e70fa1ee03e243bdfd4b1fddf1e1f2a8fba681df3034b51b9376c0fb5bf5/pydantic_core-2.46.4-cp39-cp39-macosx_11_0_arm64.whl", hash = "sha256:9f444c499b3eefd3a92e348059471ea0c3a6e303d9c1cec09fa748fd9f895201", size = 1957976, upload-time = "2026-05-06T13:37:33.478Z" },
    { url = "https://files.pythonhosted.org/packages/11/9a/78fb5f2ea849f767ea802de8b4e8f5a0c4a48ddbe4bc66bd19ac2f55a01c/pydantic_core-2.46.4-cp39-cp39-manylinux_2_17_aarch64.manylinux2014_aarch64.whl", hash = "sha256:3447661d99f75a3683a4cf5c87da72f2161964611864dbbeac7fbb118bb4bfc0", size = 1979390, upload-time = "2026-05-06T13:36:52.419Z" },
    { url = "https://files.pythonhosted.org/packages/f5/7d/3acfdcd000bad9735de0430a88355948469781f62cb841fd63e8a307e80e/pydantic_core-2.46.4-cp39-cp39-manylinux_2_17_armv7l.manylinux2014_armv7l.whl", hash = "sha256:8b9bab013d1c7a79d3501ff86d0bc9c31bf587db4551677b96bec07df78c6b15", size = 2043263, upload-time = "2026-05-06T13:39:54.798Z" },
    { url = "https://files.pythonhosted.org/packages/35/60/1325e5a8d7f9697416481c7f7c1c304738d6b961a7fd1ea0f054ce0f14fb/pydantic_core-2.46.4-cp39-cp39-manylinux_2_17_ppc64le.manylinux2014_ppc64le.whl", hash = "sha256:d995260fdf4e1db774581b4900e0f832abe3c7c84996726bbc161b19c8f29e76", size = 2225708, upload-time = "2026-05-06T13:40:24.887Z" },
    { url = "https://files.pythonhosted.org/packages/6a/b0/9ec8c38f33b26db0b612cb7fd165bb0a370773710432a2a74fa31287b430/pydantic_core-2.46.4-cp39-cp39-manylinux_2_17_s390x.manylinux2014_s390x.whl", hash = "sha256:f13a646d65d09fbf1bc6b3a9635d30095c8e7e5cc419ff35ecc563c5fd04cd49", size = 2288494, upload-time = "2026-05-06T13:38:00.091Z" },
    { url = "https://files.pythonhosted.org/packages/65/05/497446a9586d1b2d24ee25ebe208beb15388f1875d783e1e014055d150ac/pydantic_core-2.46.4-cp39-cp39-manylinux_2_17_x86_64.manylinux2014_x86_64.whl", hash = "sha256:432c179df7874eeb73307aad2df0755e1ae0efa61ff0ea89b93e194411ae3928", size = 2095629, upload-time = "2026-05-06T13:38:23.632Z" },
    { url = "https://files.pythonhosted.org/packages/93/d9/cd5fa98f9d94f9294c15459396c8a2383c164469e679ac178d6d42cfee6b/pydantic_core-2.46.4-cp39-cp39-manylinux_2_31_riscv64.whl", hash = "sha256:e68b7a074f65a2fd746c52a7ce6142ab7006074ac269ace0c25cd8ba171f8066", size = 2119309, upload-time = "2026-05-06T13:39:50.144Z" },
    { url = "https://files.pythonhosted.org/packages/20/1b/64cec655451ddbf3976df5dc9706b240df4fdaebdeebeadd4f59a8dab926/pydantic_core-2.46.4-cp39-cp39-manylinux_2_5_i686.manylinux1_i686.whl", hash = "sha256:4a05d69cba51d852c5c3e92758653245a50c0b646ced0cf05bd793ed592839d6", size = 2170216, upload-time = "2026-05-06T13:39:14.561Z" },
    { url = "https://files.pythonhosted.org/packages/2a/21/fe9f039138c9ea3be10ccdb6ec490acb54dcbef5a5e96dbdf1411f82b929/pydantic_core-2.46.4-cp39-cp39-musllinux_1_1_aarch64.whl", hash = "sha256:228ee9bae8bef5b1e97ec58302f80357c37199e0d0a99174e138d28e6957b9d9", size = 2186726, upload-time = "2026-05-06T13:37:51.597Z" },
    { url = "https://files.pythonhosted.org/packages/44/cb/19ca0da64821d1aefcef65f253aa9ecbdd0dde360f607d0f9b3d95db2b4e/pydantic_core-2.46.4-cp39-cp39-musllinux_1_1_armv7l.whl", hash = "sha256:10e17cbb10a330363733efc4d7c4d0dd827ac0909b8f6a6542298fed1ea62f29", size = 2320400, upload-time = "2026-05-06T13:39:36.29Z" },
    { url = "https://files.pythonhosted.org/packages/cd/14/fe3fbf6e845bf2080dc2f282d75085ddf79d037b35634ecde68f33c217b4/pydantic_core-2.46.4-cp39-cp39-musllinux_1_1_x86_64.whl", hash = "sha256:91a06d2e259ecfbd8c901d70c3c507900458498142b3026a296b7de4d1322cc9", size = 2363318, upload-time = "2026-05-06T13:38:53.039Z" },
    { url = "https://files.pythonhosted.org/packages/62/88/60b110889507a426eecf626f7536566cb290ada71147eff49b6e2724ca62/pydantic_core-2.46.4-cp39-cp39-win32.whl", hash = "sha256:d80ee3d731373b24cebbc10d689ca4ee1875caf0d5703a245db18efd4dd37fc1", size = 1988880, upload-time = "2026-05-06T13:39:16.572Z" },
    { url = "https://files.pythonhosted.org/packages/0b/d6/8ede2f98f17e1e4e127d37be0eced4eee931a511c62cd68af50e1b25bfa9/pydantic_core-2.46.4-cp39-cp39-win_amd64.whl", hash = "sha256:3be77f45df024d789a672ae34f8b06fb346c4f9f46ea714956660ea4862e89ac", size = 2079257, upload-time = "2026-05-06T13:39:38.498Z" },
]

[[package]]
name = "python-dateutil"
version = "2.9.0.post0"
source = { registry = "https://pypi.org/simple" }
dependencies = [
    { name = "six" },
]
sdist = { url = "https://files.pythonhosted.org/packages/66/c0/0c8b6ad9f17a802ee498c46e004a0eb49bc148f2fd230864601a86dcf6db/python-dateutil-2.9.0.post0.tar.gz", hash = "sha256:37dd54208da7e1cd875388217d5e00ebd4179249f90fb72437e91a35459a0ad3", size = 342432, upload-time = "2024-03-01T18:36:20.211Z" }
wheels = [
    { url = "https://files.pythonhosted.org/packages/ec/57/56b9bcc3c9c6a792fcbaf139543cee77261f3651ca9da0c93f5c1221264b/python_dateutil-2.9.0.post0-py2.py3-none-any.whl", hash = "sha256:a8b2bc7bffae282281c8140a97d3aa9c14da0b136dfe83f850eea9a5f7470427", size = 229892, upload-time = "2024-03-01T18:36:18.57Z" },
]

[[package]]
name = "six"
version = "1.17.0"
source = { registry = "https://pypi.org/simple" }
sdist = { url = "https://files.pythonhosted.org/packages/94/e7/b2c673351809dca68a0e064b6af791aa332cf192da575fd474ed7d6f16a2/six-1.17.0.tar.gz", hash = "sha256:ff70335d468e7eb6ec65b95b99d3a2836546063f63acc5171de367e834932a81", size = 34031, upload-time = "2024-12-04T17:35:28.174Z" }
wheels = [
    { url = "https://files.pythonhosted.org/packages/b7/ce/149a00dd41f10bc29e5921b496af8b574d8413afcd5e30dfa0ed46c2cc5e/six-1.17.0-py2.py3-none-any.whl", hash = "sha256:4721f391ed90541fddacab5acf947aa0d3dc7d27b2e1e8eda2be8970586c3274", size = 11050, upload-time = "2024-12-04T17:35:26.475Z" },
]

[[package]]
name = "tqdm"
version = "4.68.4"
source = { registry = "https://pypi.org/simple" }
dependencies = [
    { name = "colorama", marker = "sys_platform == 'win32'" },
]
sdist = { url = "https://files.pythonhosted.org/packages/ae/5f/57ff8b434839e70dab45601284ea413e947a63799891b7553e5960a793a8/tqdm-4.68.4.tar.gz", hash = "sha256:19829c9673638f2a0b8617da4cdcb927e831cd88bcfcb6e78d42a4d1af131520", size = 792418, upload-time = "2026-07-07T09:58:18.369Z" }
wheels = [
    { url = "https://files.pythonhosted.org/packages/22/2a/5e5e750890ada51017d18d0d4c30da696e5b5bd3180947729927628fc3cb/tqdm-4.68.4-py3-none-any.whl", hash = "sha256:5168118b2368f48c561afda8020fd79195b1bdb0bdf8086b88442c267a315dc2", size = 676612, upload-time = "2026-07-07T09:58:16.256Z" },
]

[[package]]
name = "typing-extensions"
version = "4.16.0"
source = { registry = "https://pypi.org/simple" }
sdist = { url = "https://files.pythonhosted.org/packages/f6/cc/6253133b5bb138fc3306cebfbda2c520f545d36b5be2c7255cc528bb45d6/typing_extensions-4.16.0.tar.gz", hash = "sha256:dc983d19a509c94dba722ee6abd33940f7c05a89e243c47e907eb4db6f1a43e5", size = 113555, upload-time = "2026-07-02T08:40:05.92Z" }
wheels = [
    { url = "https://files.pythonhosted.org/packages/49/d3/b8441a820a491ddfc024b0b0cf0393375b75ea13866d9c66727e54c2fc80/typing_extensions-4.16.0-py3-none-any.whl", hash = "sha256:481caa481374e813c1b176ada14e97f1f67a4539ce9cfeb3f350d78d6370c2e8", size = 45571, upload-time = "2026-07-02T08:40:04.659Z" },
]

[[package]]
name = "typing-inspection"
version = "0.4.2"
source = { registry = "https://pypi.org/simple" }
dependencies = [
    { name = "typing-extensions" },
]
sdist = { url = "https://files.pythonhosted.org/packages/55/e3/70399cb7dd41c10ac53367ae42139cf4b1ca5f36bb3dc6c9d33acdb43655/typing_inspection-0.4.2.tar.gz", hash = "sha256:ba561c48a67c5958007083d386c3295464928b01faa735ab8547c5692e87f464", size = 75949, upload-time = "2025-10-01T02:14:41.687Z" }
wheels = [
    { url = "https://files.pythonhosted.org/packages/dc/9b/47798a6c91d8bdb567fe2698fe81e0c6b7cb7ef4d13da4114b41d239f65d/typing_inspection-0.4.2-py3-none-any.whl", hash = "sha256:4ed1cacbdc298c220f1bd249ed5287caa16f34d44ef4e9c3d0cbad5b521545e7", size = 14611, upload-time = "2025-10-01T02:14:40.154Z" },
]

[[package]]
name = "urllib3"
version = "2.6.3"
source = { registry = "https://pypi.org/simple" }
sdist = { url = "https://files.pythonhosted.org/packages/c7/24/5f1b3bdffd70275f6661c76461e25f024d5a38a46f04aaca912426a2b1d3/urllib3-2.6.3.tar.gz", hash = "sha256:1b62b6884944a57dbe321509ab94fd4d3b307075e0c2eae991ac71ee15ad38ed", size = 435556, upload-time = "2026-01-07T16:24:43.925Z" }
wheels = [
    { url = "https://files.pythonhosted.org/packages/39/08/aaaad47bc4e9dc8c725e68f9d04865dbcb2052843ff09c97b08904852d84/urllib3-2.6.3-py3-none-any.whl", hash = "sha256:bf272323e553dfb2e87d9bfd225ca7b0f467b919d7bbd355436d3fd37cb0acd4", size = 131584, upload-time = "2026-01-07T16:24:42.685Z" },
]
